
Microsoft Visual Studio Solution File, Format Version 12.00
# Visual Studio 15
VisualStudioVersion = 15.0.26124.0
MinimumVisualStudioVersion = 15.0.26124.0
Project("{2150E333-8FDC-42A3-9474-1A3956D46DE8}") = "src", "src", "{9FF45D3F-DDD0-42E1-877D-1EECE5D94E2E}"
EndProject
Project("{2150E333-8FDC-42A3-9474-1A3956D46DE8}") = "test", "test", "{2D01FF97-3660-4A3F-8A15-30257E6C0C59}"
EndProject
Project("{FAE04EC0-301F-11D3-BF4B-00C04F79EFBC}") = "Candidate.Domain", "src\Candidate.Domain\Candidate.Domain.csproj", "{F1ABA3E0-773B-4949-91AF-2CCE279C6373}"
EndProject
Project("{FAE04EC0-301F-11D3-BF4B-00C04F79EFBC}") = "Candidate.Api", "src\Candidate.Api\Candidate.Api.csproj", "{5F2A5DD8-0C04-4631-BF8D-C67C43EF93B0}"
EndProject
Project("{FAE04EC0-301F-11D3-BF4B-00C04F79EFBC}") = "Candidate.Tests", "test\Candidate.Tests\Candidate.Tests.csproj", "{8F681576-74AB-46A4-A216-75B3CFBFF378}"
EndProject
Global
	GlobalSection(SolutionConfigurationPlatforms) = preSolution
		Debug|Any CPU = Debug|Any CPU
		Debug|x64 = Debug|x64
		Debug|x86 = Debug|x86
		Release|Any CPU = Release|Any CPU
		Release|x64 = Release|x64
		Release|x86 = Release|x86
	EndGlobalSection
	GlobalSection(SolutionProperties) = preSolution
		HideSolutionNode = FALSE
	EndGlobalSection
	GlobalSection(NestedProjects) = preSolution
		{F1ABA3E0-773B-4949-91AF-2CCE279C6373} = {9FF45D3F-DDD0-42E1-877D-1EECE5D94E2E}
		{5F2A5DD8-0C04-4631-BF8D-C67C43EF93B0} = {9FF45D3F-DDD0-42E1-877D-1EECE5D94E2E}
		{8F681576-74AB-46A4-A216-75B3CFBFF378} = {2D01FF97-3660-4A3F-8A15-30257E6C0C59}
	EndGlobalSection
	GlobalSection(ProjectConfigurationPlatforms) = postSolution
		{F1ABA3E0-773B-4949-91AF-2CCE279C6373}.Debug|Any CPU.ActiveCfg = Debug|Any CPU
		{F1ABA3E0-773B-4949-91AF-2CCE279C6373}.Debug|Any CPU.Build.0 = Debug|Any CPU
		{F1ABA3E0-773B-4949-91AF-2CCE279C6373}.Debug|x64.ActiveCfg = Debug|Any CPU
		{F1ABA3E0-773B-4949-91AF-2CCE279C6373}.Debug|x64.Build.0 = Debug|Any CPU
		{F1ABA3E0-773B-4949-91AF-2CCE279C6373}.Debug|x86.ActiveCfg = Debug|Any CPU
		{F1ABA3E0-773B-4949-91AF-2CCE279C6373}.Debug|x86.Build.0 = Debug|Any CPU
		{F1ABA3E0-773B-4949-91AF-2CCE279C6373}.Release|Any CPU.ActiveCfg = Release|Any CPU
		{F1ABA3E0-773B-4949-91AF-2CCE279C6373}.Release|Any CPU.Build.0 = Release|Any CPU
		{F1ABA3E0-773B-4949-91AF-2CCE279C6373}.Release|x64.ActiveCfg = Release|Any CPU
		{F1ABA3E0-773B-4949-91AF-2CCE279C6373}.Release|x64.Build.0 = Release|Any CPU
		{F1ABA3E0-773B-4949-91AF-2CCE279C6373}.Release|x86.ActiveCfg = Release|Any CPU
		{F1ABA3E0-773B-4949-91AF-2CCE279C6373}.Release|x86.Build.0 = Release|Any CPU
		{5F2A5DD8-0C04-4631-BF8D-C67C43EF93B0}.Debug|Any CPU.ActiveCfg = Debug|Any CPU
		{5F2A5DD8-0C04-4631-BF8D-C67C43EF93B0}.Debug|Any CPU.Build.0 = Debug|Any CPU
		{5F2A5DD8-0C04-4631-BF8D-C67C43EF93B0}.Debug|x64.ActiveCfg = Debug|Any CPU
		{5F2A5DD8-0C04-4631-BF8D-C67C43EF93B0}.Debug|x64.Build.0 = Debug|Any CPU
		{5F2A5DD8-0C04-4631-BF8D-C67C43EF93B0}.Debug|x86.ActiveCfg = Debug|Any CPU
		{5F2A5DD8-0C04-4631-BF8D-C67C43EF93B0}.Debug|x86.Build.0 = Debug|Any CPU
		{5F2A5DD8-0C04-4631-BF8D-C67C43EF93B0}.Release|Any CPU.ActiveCfg = Release|Any CPU
		{5F2A5DD8-0C04-4631-BF8D-C67C43EF93B0}.Release|Any CPU.Build.0 = Release|Any CPU
		{5F2A5DD8-0C04-4631-BF8D-C67C43EF93B0}.Release|x64.ActiveCfg = Release|Any CPU
		{5F2A5DD8-0C04-4631-BF8D-C67C43EF93B0}.Release|x64.Build.0 = Release|Any CPU
		{5F2A5DD8-0C04-4631-BF8D-C67C43EF93B0}.Release|x86.ActiveCfg = Release|Any CPU
		{5F2A5DD8-0C04-4631-BF8D-C67C43EF93B0}.Release|x86.Build.0 = Release|Any CPU
		{8F681576-74AB-46A4-A216-75B3CFBFF378}.Debug|Any CPU.ActiveCfg = Debug|Any CPU
		{8F681576-74AB-46A4-A216-75B3CFBFF378}.Debug|Any CPU.Build.0 = Debug|Any CPU
		{8F681576-74AB-46A4-A216-75B3CFBFF378}.Debug|x64.ActiveCfg = Debug|Any CPU
		{8F681576-74AB-46A4-A216-75B3CFBFF378}.Debug|x64.Build.0 = Debug|Any CPU
		{8F681576-74AB-46A4-A216-75B3CFBFF378}.Debug|x86.ActiveCfg = Debug|Any CPU
		{8F681576-74AB-46A4-A216-75B3CFBFF378}.Debug|x86.Build.0 = Debug|Any CPU
		{8F681576-74AB-46A4-A216-75B3CFBFF378}.Release|Any CPU.ActiveCfg = Release|Any CPU
		{8F681576-74AB-46A4-A216-75B3CFBFF378}.Release|Any CPU.Build.0 = Release|Any CPU
		{8F681576-74AB-46A4-A216-75B3CFBFF378}.Release|x64.ActiveCfg = Release|Any CPU
		{8F681576-74AB-46A4-A216-75B3CFBFF378}.Release|x64.Build.0 = Release|Any CPU
		{8F681576-74AB-46A4-A216-75B3CFBFF378}.Release|x86.ActiveCfg = Release|Any CPU
		{8F681576-74AB-46A4-A216-75B3CFBFF378}.Release|x86.Build.0 = Release|Any CPU
	EndGlobalSection
EndGlobal
